// !$*UTF8*$!
{
	archiveVersion = 1;
	classes = {
	};
	objectVersion = 56;
	objects = {

/* Begin PBXBuildFile section */
		861467382A593EAA0042127A /* RMSearchViewController.swift in Sources */ = {isa = PBXBuildFile; fileRef = 861467372A593EAA0042127A /* RMSearchViewController.swift */; };
		8618819B2A30036C00696692 /* Extensions.swift in Sources */ = {isa = PBXBuildFile; fileRef = 8618819A2A30036C00696692 /* Extensions.swift */; };
		8618819D2A300D9900696692 /* RMCharacterCollectionViewCell.swift in Sources */ = {isa = PBXBuildFile; fileRef = 8618819C2A300D9900696692 /* RMCharacterCollectionViewCell.swift */; };
		8618819F2A300F3400696692 /* RMCharacterCollectionViewCellViewModel.swift in Sources */ = {isa = PBXBuildFile; fileRef = 8618819E2A300F3400696692 /* RMCharacterCollectionViewCellViewModel.swift */; };
		861F6F922A550772001E1D1E /* RMEpisodeListView.swift in Sources */ = {isa = PBXBuildFile; fileRef = 861F6F912A550772001E1D1E /* RMEpisodeListView.swift */; };
		861F6F942A5507F3001E1D1E /* RMEpisodeListViewViewModel.swift in Sources */ = {isa = PBXBuildFile; fileRef = 861F6F932A5507F3001E1D1E /* RMEpisodeListViewViewModel.swift */; };
		861F6F9D2A550FF7001E1D1E /* RMAllEpisodes.swift in Sources */ = {isa = PBXBuildFile; fileRef = 861F6F9C2A550FF7001E1D1E /* RMAllEpisodes.swift */; };
		86248EBD2A3FF0C6008E0D7D /* RMCharacterHelperClass.swift in Sources */ = {isa = PBXBuildFile; fileRef = 86248EBC2A3FF0C6008E0D7D /* RMCharacterHelperClass.swift */; };
		863293D72A5AD3220084C80A /* RMDateFormatter.swift in Sources */ = {isa = PBXBuildFile; fileRef = 863293D62A5AD3220084C80A /* RMDateFormatter.swift */; };
		86557A8C2A420C5B00F87B03 /* RMCharacterPhotoCollectionViewCell.swift in Sources */ = {isa = PBXBuildFile; fileRef = 86557A8B2A420C5B00F87B03 /* RMCharacterPhotoCollectionViewCell.swift */; };
		86557A8E2A420C7100F87B03 /* RMCharacterInfoCollectionViewCell.swift in Sources */ = {isa = PBXBuildFile; fileRef = 86557A8D2A420C7100F87B03 /* RMCharacterInfoCollectionViewCell.swift */; };
		86557A902A420C8300F87B03 /* RMEpisodeCollectionViewCell.swift in Sources */ = {isa = PBXBuildFile; fileRef = 86557A8F2A420C8300F87B03 /* RMEpisodeCollectionViewCell.swift */; };
		86557A932A420E1E00F87B03 /* RMCharacterPhotoCollectionViewCellViewModel.swift in Sources */ = {isa = PBXBuildFile; fileRef = 86557A922A420E1E00F87B03 /* RMCharacterPhotoCollectionViewCellViewModel.swift */; };
		86557A952A420E3600F87B03 /* RMCharacterInfoCollectionViewCellViewModel.swift in Sources */ = {isa = PBXBuildFile; fileRef = 86557A942A420E3600F87B03 /* RMCharacterInfoCollectionViewCellViewModel.swift */; };
		86557A972A420E4800F87B03 /* RMEpisodeCollectionViewCellViewModel.swift in Sources */ = {isa = PBXBuildFile; fileRef = 86557A962A420E4800F87B03 /* RMEpisodeCollectionViewCellViewModel.swift */; };
		865E15152A4FB29400F8C4E9 /* RMEpisodeDetailViewController.swift in Sources */ = {isa = PBXBuildFile; fileRef = 865E15142A4FB29400F8C4E9 /* RMEpisodeDetailViewController.swift */; };
		865F5D302A587E000076D712 /* Models.swift in Sources */ = {isa = PBXBuildFile; fileRef = 865F5D2F2A587E000076D712 /* Models.swift */; };
		8670848E2A2C792E006BD31A /* RMCharacter.swift in Sources */ = {isa = PBXBuildFile; fileRef = 8670848D2A2C792E006BD31A /* RMCharacter.swift */; };
		867084902A2C7939006BD31A /* RMLocation.swift in Sources */ = {isa = PBXBuildFile; fileRef = 8670848F2A2C7939006BD31A /* RMLocation.swift */; };
		867084922A2C7944006BD31A /* RMEpisode.swift in Sources */ = {isa = PBXBuildFile; fileRef = 867084912A2C7944006BD31A /* RMEpisode.swift */; };
		868DDD032A2ED8A800C79478 /* RMAllCharacters.swift in Sources */ = {isa = PBXBuildFile; fileRef = 868DDD022A2ED8A800C79478 /* RMAllCharacters.swift */; };
		869268C32A2B24430001C1B5 /* AppDelegate.swift in Sources */ = {isa = PBXBuildFile; fileRef = 869268C22A2B24430001C1B5 /* AppDelegate.swift */; };
		869268C52A2B24430001C1B5 /* SceneDelegate.swift in Sources */ = {isa = PBXBuildFile; fileRef = 869268C42A2B24430001C1B5 /* SceneDelegate.swift */; };
		869268C72A2B24430001C1B5 /* RMTabBarViewController.swift in Sources */ = {isa = PBXBuildFile; fileRef = 869268C62A2B24430001C1B5 /* RMTabBarViewController.swift */; };
		869268CC2A2B24440001C1B5 /* Assets.xcassets in Resources */ = {isa = PBXBuildFile; fileRef = 869268CB2A2B24440001C1B5 /* Assets.xcassets */; };
		869268CF2A2B24440001C1B5 /* LaunchScreen.storyboard in Resources */ = {isa = PBXBuildFile; fileRef = 869268CD2A2B24440001C1B5 /* LaunchScreen.storyboard */; };
		869268E12A2B2EA80001C1B5 /* RMLocationViewController.swift in Sources */ = {isa = PBXBuildFile; fileRef = 869268E02A2B2EA80001C1B5 /* RMLocationViewController.swift */; };
		869268E32A2B2EBA0001C1B5 /* RMCharacterViewController.swift in Sources */ = {isa = PBXBuildFile; fileRef = 869268E22A2B2EBA0001C1B5 /* RMCharacterViewController.swift */; };
		869268E52A2B2EC50001C1B5 /* RMEpisodeViewController.swift in Sources */ = {isa = PBXBuildFile; fileRef = 869268E42A2B2EC50001C1B5 /* RMEpisodeViewController.swift */; };
		869268E72A2B31DD0001C1B5 /* RMSettingsViewController.swift in Sources */ = {isa = PBXBuildFile; fileRef = 869268E62A2B31DD0001C1B5 /* RMSettingsViewController.swift */; };
		869268F22A2B47530001C1B5 /* RMService.swift in Sources */ = {isa = PBXBuildFile; fileRef = 869268F12A2B47530001C1B5 /* RMService.swift */; };
		869268F42A2B479F0001C1B5 /* RMRequest.swift in Sources */ = {isa = PBXBuildFile; fileRef = 869268F32A2B479F0001C1B5 /* RMRequest.swift */; };
		869268F62A2B4B4B0001C1B5 /* RMEndpoint.swift in Sources */ = {isa = PBXBuildFile; fileRef = 869268F52A2B4B4B0001C1B5 /* RMEndpoint.swift */; };
		8694A80E2A51C8E400538F16 /* RMEpisodeDetailViewViewModel.swift in Sources */ = {isa = PBXBuildFile; fileRef = 8694A80D2A51C8E400538F16 /* RMEpisodeDetailViewViewModel.swift */; };
		8694A8132A51C92600538F16 /* RMEpisodeDetailView.swift in Sources */ = {isa = PBXBuildFile; fileRef = 8694A8122A51C92600538F16 /* RMEpisodeDetailView.swift */; };
		86AADA302A3238FD008AA14D /* RMLoadingFooterCollectionResuableView.swift in Sources */ = {isa = PBXBuildFile; fileRef = 86AADA2F2A3238FD008AA14D /* RMLoadingFooterCollectionResuableView.swift */; };
		86C60D722A315FEA005A1B9E /* RMCharacterDetailViewController.swift in Sources */ = {isa = PBXBuildFile; fileRef = 86C60D712A315FEA005A1B9E /* RMCharacterDetailViewController.swift */; };
		86C60D742A31624B005A1B9E /* RMCharacterDetailView.swift in Sources */ = {isa = PBXBuildFile; fileRef = 86C60D732A31624B005A1B9E /* RMCharacterDetailView.swift */; };
		86C60D762A316273005A1B9E /* RMCharacterDetailViewViewModel.swift in Sources */ = {isa = PBXBuildFile; fileRef = 86C60D752A316273005A1B9E /* RMCharacterDetailViewViewModel.swift */; };
		86CAA57F2A3EB88400154788 /* RMImageManager.swift in Sources */ = {isa = PBXBuildFile; fileRef = 86CAA57E2A3EB88400154788 /* RMImageManager.swift */; };
		86CB20D22A513FEC002BAA38 /* RMAPICacheManager.swift in Sources */ = {isa = PBXBuildFile; fileRef = 86CB20D12A513FEC002BAA38 /* RMAPICacheManager.swift */; };
		86E29F1D2A5A792500F07841 /* RMEpisodeInfoCollectionViewCellViewModel.swift in Sources */ = {isa = PBXBuildFile; fileRef = 86E29F1C2A5A792500F07841 /* RMEpisodeInfoCollectionViewCellViewModel.swift */; };
		86E29F1F2A5A799200F07841 /* RMEpisodeInfoCollectionViewCell.swift in Sources */ = {isa = PBXBuildFile; fileRef = 86E29F1E2A5A799200F07841 /* RMEpisodeInfoCollectionViewCell.swift */; };
		86F78F572A2F918F002F434C /* RMCharacterListViewViewModel.swift in Sources */ = {isa = PBXBuildFile; fileRef = 86F78F562A2F918F002F434C /* RMCharacterListViewViewModel.swift */; };
		86F78F5A2A2F9475002F434C /* RMCharacterListView.swift in Sources */ = {isa = PBXBuildFile; fileRef = 86F78F592A2F9475002F434C /* RMCharacterListView.swift */; };
/* End PBXBuildFile section */

/* Begin PBXFileReference section */
		861467372A593EAA0042127A /* RMSearchViewController.swift */ = {isa = PBXFileReference; lastKnownFileType = sourcecode.swift; path = RMSearchViewController.swift; sourceTree = "<group>"; };
		8618819A2A30036C00696692 /* Extensions.swift */ = {isa = PBXFileReference; lastKnownFileType = sourcecode.swift; path = Extensions.swift; sourceTree = "<group>"; };
		8618819C2A300D9900696692 /* RMCharacterCollectionViewCell.swift */ = {isa = PBXFileReference; lastKnownFileType = sourcecode.swift; path = RMCharacterCollectionViewCell.swift; sourceTree = "<group>"; };
		8618819E2A300F3400696692 /* RMCharacterCollectionViewCellViewModel.swift */ = {isa = PBXFileReference; lastKnownFileType = sourcecode.swift; path = RMCharacterCollectionViewCellViewModel.swift; sourceTree = "<group>"; };
		861F6F912A550772001E1D1E /* RMEpisodeListView.swift */ = {isa = PBXFileReference; lastKnownFileType = sourcecode.swift; path = RMEpisodeListView.swift; sourceTree = "<group>"; };
		861F6F932A5507F3001E1D1E /* RMEpisodeListViewViewModel.swift */ = {isa = PBXFileReference; lastKnownFileType = sourcecode.swift; path = RMEpisodeListViewViewModel.swift; sourceTree = "<group>"; };
		861F6F9C2A550FF7001E1D1E /* RMAllEpisodes.swift */ = {isa = PBXFileReference; lastKnownFileType = sourcecode.swift; path = RMAllEpisodes.swift; sourceTree = "<group>"; };
		86248EBC2A3FF0C6008E0D7D /* RMCharacterHelperClass.swift */ = {isa = PBXFileReference; lastKnownFileType = sourcecode.swift; path = RMCharacterHelperClass.swift; sourceTree = "<group>"; };
		863293D62A5AD3220084C80A /* RMDateFormatter.swift */ = {isa = PBXFileReference; lastKnownFileType = sourcecode.swift; path = RMDateFormatter.swift; sourceTree = "<group>"; };
		86557A8B2A420C5B00F87B03 /* RMCharacterPhotoCollectionViewCell.swift */ = {isa = PBXFileReference; lastKnownFileType = sourcecode.swift; path = RMCharacterPhotoCollectionViewCell.swift; sourceTree = "<group>"; };
		86557A8D2A420C7100F87B03 /* RMCharacterInfoCollectionViewCell.swift */ = {isa = PBXFileReference; lastKnownFileType = sourcecode.swift; path = RMCharacterInfoCollectionViewCell.swift; sourceTree = "<group>"; };
		86557A8F2A420C8300F87B03 /* RMEpisodeCollectionViewCell.swift */ = {isa = PBXFileReference; lastKnownFileType = sourcecode.swift; path = RMEpisodeCollectionViewCell.swift; sourceTree = "<group>"; };
		86557A922A420E1E00F87B03 /* RMCharacterPhotoCollectionViewCellViewModel.swift */ = {isa = PBXFileReference; lastKnownFileType = sourcecode.swift; path = RMCharacterPhotoCollectionViewCellViewModel.swift; sourceTree = "<group>"; };
		86557A942A420E3600F87B03 /* RMCharacterInfoCollectionViewCellViewModel.swift */ = {isa = PBXFileReference; lastKnownFileType = sourcecode.swift; path = RMCharacterInfoCollectionViewCellViewModel.swift; sourceTree = "<group>"; };
		86557A962A420E4800F87B03 /* RMEpisodeCollectionViewCellViewModel.swift */ = {isa = PBXFileReference; lastKnownFileType = sourcecode.swift; path = RMEpisodeCollectionViewCellViewModel.swift; sourceTree = "<group>"; };
		865E15142A4FB29400F8C4E9 /* RMEpisodeDetailViewController.swift */ = {isa = PBXFileReference; lastKnownFileType = sourcecode.swift; path = RMEpisodeDetailViewController.swift; sourceTree = "<group>"; };
		865F5D2F2A587E000076D712 /* Models.swift */ = {isa = PBXFileReference; lastKnownFileType = sourcecode.swift; path = Models.swift; sourceTree = "<group>"; };
		8670848D2A2C792E006BD31A /* RMCharacter.swift */ = {isa = PBXFileReference; lastKnownFileType = sourcecode.swift; path = RMCharacter.swift; sourceTree = "<group>"; };
		8670848F2A2C7939006BD31A /* RMLocation.swift */ = {isa = PBXFileReference; lastKnownFileType = sourcecode.swift; path = RMLocation.swift; sourceTree = "<group>"; };
		867084912A2C7944006BD31A /* RMEpisode.swift */ = {isa = PBXFileReference; lastKnownFileType = sourcecode.swift; path = RMEpisode.swift; sourceTree = "<group>"; };
		868DDD022A2ED8A800C79478 /* RMAllCharacters.swift */ = {isa = PBXFileReference; lastKnownFileType = sourcecode.swift; path = RMAllCharacters.swift; sourceTree = "<group>"; };
		869268BF2A2B24430001C1B5 /* RickAndMorty.app */ = {isa = PBXFileReference; explicitFileType = wrapper.application; includeInIndex = 0; path = RickAndMorty.app; sourceTree = BUILT_PRODUCTS_DIR; };
		869268C22A2B24430001C1B5 /* AppDelegate.swift */ = {isa = PBXFileReference; lastKnownFileType = sourcecode.swift; path = AppDelegate.swift; sourceTree = "<group>"; };
		869268C42A2B24430001C1B5 /* SceneDelegate.swift */ = {isa = PBXFileReference; lastKnownFileType = sourcecode.swift; path = SceneDelegate.swift; sourceTree = "<group>"; };
		869268C62A2B24430001C1B5 /* RMTabBarViewController.swift */ = {isa = PBXFileReference; lastKnownFileType = sourcecode.swift; path = RMTabBarViewController.swift; sourceTree = "<group>"; };
		869268CB2A2B24440001C1B5 /* Assets.xcassets */ = {isa = PBXFileReference; lastKnownFileType = folder.assetcatalog; path = Assets.xcassets; sourceTree = "<group>"; };
		869268CE2A2B24440001C1B5 /* Base */ = {isa = PBXFileReference; lastKnownFileType = file.storyboard; name = Base; path = Base.lproj/LaunchScreen.storyboard; sourceTree = "<group>"; };
		869268D02A2B24440001C1B5 /* Info.plist */ = {isa = PBXFileReference; lastKnownFileType = text.plist.xml; path = Info.plist; sourceTree = "<group>"; };
		869268E02A2B2EA80001C1B5 /* RMLocationViewController.swift */ = {isa = PBXFileReference; lastKnownFileType = sourcecode.swift; path = RMLocationViewController.swift; sourceTree = "<group>"; };
		869268E22A2B2EBA0001C1B5 /* RMCharacterViewController.swift */ = {isa = PBXFileReference; lastKnownFileType = sourcecode.swift; path = RMCharacterViewController.swift; sourceTree = "<group>"; };
		869268E42A2B2EC50001C1B5 /* RMEpisodeViewController.swift */ = {isa = PBXFileReference; lastKnownFileType = sourcecode.swift; path = RMEpisodeViewController.swift; sourceTree = "<group>"; };
		869268E62A2B31DD0001C1B5 /* RMSettingsViewController.swift */ = {isa = PBXFileReference; lastKnownFileType = sourcecode.swift; path = RMSettingsViewController.swift; sourceTree = "<group>"; };
		869268F12A2B47530001C1B5 /* RMService.swift */ = {isa = PBXFileReference; lastKnownFileType = sourcecode.swift; path = RMService.swift; sourceTree = "<group>"; };
		869268F32A2B479F0001C1B5 /* RMRequest.swift */ = {isa = PBXFileReference; lastKnownFileType = sourcecode.swift; path = RMRequest.swift; sourceTree = "<group>"; };
		869268F52A2B4B4B0001C1B5 /* RMEndpoint.swift */ = {isa = PBXFileReference; lastKnownFileType = sourcecode.swift; path = RMEndpoint.swift; sourceTree = "<group>"; };
		8694A80D2A51C8E400538F16 /* RMEpisodeDetailViewViewModel.swift */ = {isa = PBXFileReference; lastKnownFileType = sourcecode.swift; path = RMEpisodeDetailViewViewModel.swift; sourceTree = "<group>"; };
		8694A8122A51C92600538F16 /* RMEpisodeDetailView.swift */ = {isa = PBXFileReference; lastKnownFileType = sourcecode.swift; path = RMEpisodeDetailView.swift; sourceTree = "<group>"; };
		86AADA2F2A3238FD008AA14D /* RMLoadingFooterCollectionResuableView.swift */ = {isa = PBXFileReference; lastKnownFileType = sourcecode.swift; path = RMLoadingFooterCollectionResuableView.swift; sourceTree = "<group>"; };
		86C60D712A315FEA005A1B9E /* RMCharacterDetailViewController.swift */ = {isa = PBXFileReference; lastKnownFileType = sourcecode.swift; path = RMCharacterDetailViewController.swift; sourceTree = "<group>"; };
		86C60D732A31624B005A1B9E /* RMCharacterDetailView.swift */ = {isa = PBXFileReference; lastKnownFileType = sourcecode.swift; path = RMCharacterDetailView.swift; sourceTree = "<group>"; };
		86C60D752A316273005A1B9E /* RMCharacterDetailViewViewModel.swift */ = {isa = PBXFileReference; lastKnownFileType = sourcecode.swift; path = RMCharacterDetailViewViewModel.swift; sourceTree = "<group>"; };
		86CAA57E2A3EB88400154788 /* RMImageManager.swift */ = {isa = PBXFileReference; lastKnownFileType = sourcecode.swift; path = RMImageManager.swift; sourceTree = "<group>"; };
		86CB20D12A513FEC002BAA38 /* RMAPICacheManager.swift */ = {isa = PBXFileReference; lastKnownFileType = sourcecode.swift; path = RMAPICacheManager.swift; sourceTree = "<group>"; };
		86E29F1C2A5A792500F07841 /* RMEpisodeInfoCollectionViewCellViewModel.swift */ = {isa = PBXFileReference; lastKnownFileType = sourcecode.swift; path = RMEpisodeInfoCollectionViewCellViewModel.swift; sourceTree = "<group>"; };
		86E29F1E2A5A799200F07841 /* RMEpisodeInfoCollectionViewCell.swift */ = {isa = PBXFileReference; lastKnownFileType = sourcecode.swift; path = RMEpisodeInfoCollectionViewCell.swift; sourceTree = "<group>"; };
		86F78F562A2F918F002F434C /* RMCharacterListViewViewModel.swift */ = {isa = PBXFileReference; lastKnownFileType = sourcecode.swift; path = RMCharacterListViewViewModel.swift; sourceTree = "<group>"; };
		86F78F592A2F9475002F434C /* RMCharacterListView.swift */ = {isa = PBXFileReference; lastKnownFileType = sourcecode.swift; path = RMCharacterListView.swift; sourceTree = "<group>"; };
/* End PBXFileReference section */

/* Begin PBXFrameworksBuildPhase section */
		869268BC2A2B24430001C1B5 /* Frameworks */ = {
			isa = PBXFrameworksBuildPhase;
			buildActionMask = 2147483647;
			files = (
			);
			runOnlyForDeploymentPostprocessing = 0;
		};
/* End PBXFrameworksBuildPhase section */

/* Begin PBXGroup section */
		861467352A593E780042127A /* Models */ = {
			isa = PBXGroup;
			children = (
				865F5D2F2A587E000076D712 /* Models.swift */,
			);
			path = Models;
			sourceTree = "<group>";
		};
		861467362A593E8A0042127A /* ViewControllers */ = {
			isa = PBXGroup;
			children = (
				861467372A593EAA0042127A /* RMSearchViewController.swift */,
			);
			path = ViewControllers;
			sourceTree = "<group>";
		};
		861881992A30035400696692 /* HelperClasses */ = {
			isa = PBXGroup;
			children = (
				8618819A2A30036C00696692 /* Extensions.swift */,
				863293D62A5AD3220084C80A /* RMDateFormatter.swift */,
			);
			path = HelperClasses;
			sourceTree = "<group>";
		};
		861F6F952A550847001E1D1E /* Cells */ = {
			isa = PBXGroup;
			children = (
				86557A8F2A420C8300F87B03 /* RMEpisodeCollectionViewCell.swift */,
				86E29F1E2A5A799200F07841 /* RMEpisodeInfoCollectionViewCell.swift */,
			);
			path = Cells;
			sourceTree = "<group>";
		};
		861F6F982A5509FB001E1D1E /* CellsViewModels */ = {
			isa = PBXGroup;
			children = (
				86557A962A420E4800F87B03 /* RMEpisodeCollectionViewCellViewModel.swift */,
				86E29F1C2A5A792500F07841 /* RMEpisodeInfoCollectionViewCellViewModel.swift */,
			);
			path = CellsViewModels;
			sourceTree = "<group>";
		};
		86557A8A2A420BFC00F87B03 /* Cells */ = {
			isa = PBXGroup;
			children = (
				8618819C2A300D9900696692 /* RMCharacterCollectionViewCell.swift */,
				86557A8B2A420C5B00F87B03 /* RMCharacterPhotoCollectionViewCell.swift */,
				86557A8D2A420C7100F87B03 /* RMCharacterInfoCollectionViewCell.swift */,
			);
			path = Cells;
			sourceTree = "<group>";
		};
		86557A912A420DC100F87B03 /* CellsViewModels */ = {
			isa = PBXGroup;
			children = (
				8618819E2A300F3400696692 /* RMCharacterCollectionViewCellViewModel.swift */,
				86557A922A420E1E00F87B03 /* RMCharacterPhotoCollectionViewCellViewModel.swift */,
				86557A942A420E3600F87B03 /* RMCharacterInfoCollectionViewCellViewModel.swift */,
			);
			path = CellsViewModels;
			sourceTree = "<group>";
		};
		865F5D2E2A587DEE0076D712 /* Others */ = {
			isa = PBXGroup;
			children = (
				861467362A593E8A0042127A /* ViewControllers */,
				861467352A593E780042127A /* Models */,
			);
			path = Others;
			sourceTree = "<group>";
		};
		869268B62A2B24430001C1B5 = {
			isa = PBXGroup;
			children = (
				869268C12A2B24430001C1B5 /* RickAndMorty */,
				869268C02A2B24430001C1B5 /* Products */,
			);
			sourceTree = "<group>";
		};
		869268C02A2B24430001C1B5 /* Products */ = {
			isa = PBXGroup;
			children = (
				869268BF2A2B24430001C1B5 /* RickAndMorty.app */,
			);
			name = Products;
			sourceTree = "<group>";
		};
		869268C12A2B24430001C1B5 /* RickAndMorty */ = {
			isa = PBXGroup;
			children = (
				86CAA57D2A3EB86D00154788 /* Managers */,
				861881992A30035400696692 /* HelperClasses */,
				869268F02A2B47340001C1B5 /* APIClient */,
				869268DA2A2B2A7F0001C1B5 /* Storyboards */,
				869268D92A2B2A5A0001C1B5 /* Resources */,
				869268D82A2B2A410001C1B5 /* Applications */,
				869268D72A2B2A2D0001C1B5 /* Database */,
				869268D62A2B26A60001C1B5 /* Screens */,
				869268D02A2B24440001C1B5 /* Info.plist */,
			);
			path = RickAndMorty;
			sourceTree = "<group>";
		};
		869268D62A2B26A60001C1B5 /* Screens */ = {
			isa = PBXGroup;
			children = (
				869268DC2A2B2CAD0001C1B5 /* Characters */,
				869268DD2A2B2CF00001C1B5 /* Episodes */,
				869268DB2A2B2CA20001C1B5 /* Locations */,
				869268DE2A2B2D010001C1B5 /* Settings */,
				865F5D2E2A587DEE0076D712 /* Others */,
				869268DF2A2B2E660001C1B5 /* Core */,
			);
			path = Screens;
			sourceTree = "<group>";
		};
		869268D72A2B2A2D0001C1B5 /* Database */ = {
			isa = PBXGroup;
			children = (
			);
			path = Database;
			sourceTree = "<group>";
		};
		869268D82A2B2A410001C1B5 /* Applications */ = {
			isa = PBXGroup;
			children = (
				869268C22A2B24430001C1B5 /* AppDelegate.swift */,
				869268C42A2B24430001C1B5 /* SceneDelegate.swift */,
			);
			path = Applications;
			sourceTree = "<group>";
		};
		869268D92A2B2A5A0001C1B5 /* Resources */ = {
			isa = PBXGroup;
			children = (
				869268CB2A2B24440001C1B5 /* Assets.xcassets */,
			);
			path = Resources;
			sourceTree = "<group>";
		};
		869268DA2A2B2A7F0001C1B5 /* Storyboards */ = {
			isa = PBXGroup;
			children = (
				869268CD2A2B24440001C1B5 /* LaunchScreen.storyboard */,
			);
			path = Storyboards;
			sourceTree = "<group>";
		};
		869268DB2A2B2CA20001C1B5 /* Locations */ = {
			isa = PBXGroup;
			children = (
				869268E92A2B37280001C1B5 /* Models */,
				869268E82A2B37190001C1B5 /* ViewControllers */,
			);
			path = Locations;
			sourceTree = "<group>";
		};
		869268DC2A2B2CAD0001C1B5 /* Characters */ = {
			isa = PBXGroup;
			children = (
				86F78F582A2F9458002F434C /* Views */,
				86F78F552A2F916B002F434C /* ViewModels */,
				86557A8A2A420BFC00F87B03 /* Cells */,
				86557A912A420DC100F87B03 /* CellsViewModels */,
				869268EB2A2B37400001C1B5 /* Models */,
				869268EA2A2B37310001C1B5 /* ViewControllers */,
				86248EBC2A3FF0C6008E0D7D /* RMCharacterHelperClass.swift */,
			);
			path = Characters;
			sourceTree = "<group>";
		};
		869268DD2A2B2CF00001C1B5 /* Episodes */ = {
			isa = PBXGroup;
			children = (
				8694A80F2A51C8FC00538F16 /* Views */,
				8694A80C2A51C8AB00538F16 /* ViewModels */,
				861F6F952A550847001E1D1E /* Cells */,
				861F6F982A5509FB001E1D1E /* CellsViewModels */,
				869268EC2A2B37470001C1B5 /* Models */,
				869268ED2A2B374C0001C1B5 /* ViewControllers */,
			);
			path = Episodes;
			sourceTree = "<group>";
		};
		869268DE2A2B2D010001C1B5 /* Settings */ = {
			isa = PBXGroup;
			children = (
				869268EF2A2B37650001C1B5 /* Models */,
				869268EE2A2B375B0001C1B5 /* ViewControllers */,
			);
			path = Settings;
			sourceTree = "<group>";
		};
		869268DF2A2B2E660001C1B5 /* Core */ = {
			isa = PBXGroup;
			children = (
				869268C62A2B24430001C1B5 /* RMTabBarViewController.swift */,
			);
			path = Core;
			sourceTree = "<group>";
		};
		869268E82A2B37190001C1B5 /* ViewControllers */ = {
			isa = PBXGroup;
			children = (
				869268E02A2B2EA80001C1B5 /* RMLocationViewController.swift */,
			);
			path = ViewControllers;
			sourceTree = "<group>";
		};
		869268E92A2B37280001C1B5 /* Models */ = {
			isa = PBXGroup;
			children = (
				8670848F2A2C7939006BD31A /* RMLocation.swift */,
			);
			path = Models;
			sourceTree = "<group>";
		};
		869268EA2A2B37310001C1B5 /* ViewControllers */ = {
			isa = PBXGroup;
			children = (
				869268E22A2B2EBA0001C1B5 /* RMCharacterViewController.swift */,
				86C60D712A315FEA005A1B9E /* RMCharacterDetailViewController.swift */,
			);
			path = ViewControllers;
			sourceTree = "<group>";
		};
		869268EB2A2B37400001C1B5 /* Models */ = {
			isa = PBXGroup;
			children = (
				8670848D2A2C792E006BD31A /* RMCharacter.swift */,
				868DDD022A2ED8A800C79478 /* RMAllCharacters.swift */,
			);
			path = Models;
			sourceTree = "<group>";
		};
		869268EC2A2B37470001C1B5 /* Models */ = {
			isa = PBXGroup;
			children = (
				867084912A2C7944006BD31A /* RMEpisode.swift */,
				861F6F9C2A550FF7001E1D1E /* RMAllEpisodes.swift */,
			);
			path = Models;
			sourceTree = "<group>";
		};
		869268ED2A2B374C0001C1B5 /* ViewControllers */ = {
			isa = PBXGroup;
			children = (
				869268E42A2B2EC50001C1B5 /* RMEpisodeViewController.swift */,
				865E15142A4FB29400F8C4E9 /* RMEpisodeDetailViewController.swift */,
			);
			path = ViewControllers;
			sourceTree = "<group>";
		};
		869268EE2A2B375B0001C1B5 /* ViewControllers */ = {
			isa = PBXGroup;
			children = (
				869268E62A2B31DD0001C1B5 /* RMSettingsViewController.swift */,
			);
			path = ViewControllers;
			sourceTree = "<group>";
		};
		869268EF2A2B37650001C1B5 /* Models */ = {
			isa = PBXGroup;
			children = (
			);
			path = Models;
			sourceTree = "<group>";
		};
		869268F02A2B47340001C1B5 /* APIClient */ = {
			isa = PBXGroup;
			children = (
				869268F12A2B47530001C1B5 /* RMService.swift */,
				869268F32A2B479F0001C1B5 /* RMRequest.swift */,
				869268F52A2B4B4B0001C1B5 /* RMEndpoint.swift */,
			);
			path = APIClient;
			sourceTree = "<group>";
		};
		8694A80C2A51C8AB00538F16 /* ViewModels */ = {
			isa = PBXGroup;
			children = (
				861F6F932A5507F3001E1D1E /* RMEpisodeListViewViewModel.swift */,
				8694A80D2A51C8E400538F16 /* RMEpisodeDetailViewViewModel.swift */,
			);
			path = ViewModels;
			sourceTree = "<group>";
		};
		8694A80F2A51C8FC00538F16 /* Views */ = {
			isa = PBXGroup;
			children = (
				8694A8122A51C92600538F16 /* RMEpisodeDetailView.swift */,
				861F6F912A550772001E1D1E /* RMEpisodeListView.swift */,
			);
			path = Views;
			sourceTree = "<group>";
		};
		86CAA57D2A3EB86D00154788 /* Managers */ = {
			isa = PBXGroup;
			children = (
				86CAA57E2A3EB88400154788 /* RMImageManager.swift */,
				86CB20D12A513FEC002BAA38 /* RMAPICacheManager.swift */,
			);
			path = Managers;
			sourceTree = "<group>";
		};
		86F78F552A2F916B002F434C /* ViewModels */ = {
			isa = PBXGroup;
			children = (
				86F78F562A2F918F002F434C /* RMCharacterListViewViewModel.swift */,
				86C60D752A316273005A1B9E /* RMCharacterDetailViewViewModel.swift */,
			);
			path = ViewModels;
			sourceTree = "<group>";
		};
		86F78F582A2F9458002F434C /* Views */ = {
			isa = PBXGroup;
			children = (
				86F78F592A2F9475002F434C /* RMCharacterListView.swift */,
				86C60D732A31624B005A1B9E /* RMCharacterDetailView.swift */,
				86AADA2F2A3238FD008AA14D /* RMLoadingFooterCollectionResuableView.swift */,
			);
			path = Views;
			sourceTree = "<group>";
		};
/* End PBXGroup section */

/* Begin PBXNativeTarget section */
		869268BE2A2B24430001C1B5 /* RickAndMorty */ = {
			isa = PBXNativeTarget;
			buildConfigurationList = 869268D32A2B24440001C1B5 /* Build configuration list for PBXNativeTarget "RickAndMorty" */;
			buildPhases = (
				869268BB2A2B24430001C1B5 /* Sources */,
				869268BC2A2B24430001C1B5 /* Frameworks */,
				869268BD2A2B24430001C1B5 /* Resources */,
			);
			buildRules = (
			);
			dependencies = (
			);
			name = RickAndMorty;
			productName = RickAndMorty;
			productReference = 869268BF2A2B24430001C1B5 /* RickAndMorty.app */;
			productType = "com.apple.product-type.application";
		};
/* End PBXNativeTarget section */

/* Begin PBXProject section */
		869268B72A2B24430001C1B5 /* Project object */ = {
			isa = PBXProject;
			attributes = {
				BuildIndependentTargetsInParallel = 1;
				LastSwiftUpdateCheck = 1420;
				LastUpgradeCheck = 1420;
				TargetAttributes = {
					869268BE2A2B24430001C1B5 = {
						CreatedOnToolsVersion = 14.2;
					};
				};
			};
			buildConfigurationList = 869268BA2A2B24430001C1B5 /* Build configuration list for PBXProject "RickAndMorty" */;
			compatibilityVersion = "Xcode 14.0";
			developmentRegion = en;
			hasScannedForEncodings = 0;
			knownRegions = (
				en,
				Base,
			);
			mainGroup = 869268B62A2B24430001C1B5;
			productRefGroup = 869268C02A2B24430001C1B5 /* Products */;
			projectDirPath = "";
			projectRoot = "";
			targets = (
				869268BE2A2B24430001C1B5 /* RickAndMorty */,
			);
		};
/* End PBXProject section */

/* Begin PBXResourcesBuildPhase section */
		869268BD2A2B24430001C1B5 /* Resources */ = {
			isa = PBXResourcesBuildPhase;
			buildActionMask = 2147483647;
			files = (
				869268CF2A2B24440001C1B5 /* LaunchScreen.storyboard in Resources */,
				869268CC2A2B24440001C1B5 /* Assets.xcassets in Resources */,
			);
			runOnlyForDeploymentPostprocessing = 0;
		};
/* End PBXResourcesBuildPhase section */

/* Begin PBXSourcesBuildPhase section */
		869268BB2A2B24430001C1B5 /* Sources */ = {
			isa = PBXSourcesBuildPhase;
			buildActionMask = 2147483647;
			files = (
				869268C72A2B24430001C1B5 /* RMTabBarViewController.swift in Sources */,
				86CB20D22A513FEC002BAA38 /* RMAPICacheManager.swift in Sources */,
				869268F22A2B47530001C1B5 /* RMService.swift in Sources */,
				8670848E2A2C792E006BD31A /* RMCharacter.swift in Sources */,
				869268E32A2B2EBA0001C1B5 /* RMCharacterViewController.swift in Sources */,
				86E29F1D2A5A792500F07841 /* RMEpisodeInfoCollectionViewCellViewModel.swift in Sources */,
				8618819F2A300F3400696692 /* RMCharacterCollectionViewCellViewModel.swift in Sources */,
				869268E72A2B31DD0001C1B5 /* RMSettingsViewController.swift in Sources */,
				86C60D722A315FEA005A1B9E /* RMCharacterDetailViewController.swift in Sources */,
				86248EBD2A3FF0C6008E0D7D /* RMCharacterHelperClass.swift in Sources */,
				861F6F922A550772001E1D1E /* RMEpisodeListView.swift in Sources */,
				861F6F9D2A550FF7001E1D1E /* RMAllEpisodes.swift in Sources */,
				869268F62A2B4B4B0001C1B5 /* RMEndpoint.swift in Sources */,
				86557A902A420C8300F87B03 /* RMEpisodeCollectionViewCell.swift in Sources */,
				86C60D742A31624B005A1B9E /* RMCharacterDetailView.swift in Sources */,
				86F78F5A2A2F9475002F434C /* RMCharacterListView.swift in Sources */,
				86557A8E2A420C7100F87B03 /* RMCharacterInfoCollectionViewCell.swift in Sources */,
				86E29F1F2A5A799200F07841 /* RMEpisodeInfoCollectionViewCell.swift in Sources */,
				868DDD032A2ED8A800C79478 /* RMAllCharacters.swift in Sources */,
				86557A932A420E1E00F87B03 /* RMCharacterPhotoCollectionViewCellViewModel.swift in Sources */,
				86557A972A420E4800F87B03 /* RMEpisodeCollectionViewCellViewModel.swift in Sources */,
				861467382A593EAA0042127A /* RMSearchViewController.swift in Sources */,
				869268C32A2B24430001C1B5 /* AppDelegate.swift in Sources */,
				86CAA57F2A3EB88400154788 /* RMImageManager.swift in Sources */,
				86AADA302A3238FD008AA14D /* RMLoadingFooterCollectionResuableView.swift in Sources */,
				867084922A2C7944006BD31A /* RMEpisode.swift in Sources */,
				8694A80E2A51C8E400538F16 /* RMEpisodeDetailViewViewModel.swift in Sources */,
				869268C52A2B24430001C1B5 /* SceneDelegate.swift in Sources */,
				86557A952A420E3600F87B03 /* RMCharacterInfoCollectionViewCellViewModel.swift in Sources */,
				869268E52A2B2EC50001C1B5 /* RMEpisodeViewController.swift in Sources */,
				861F6F942A5507F3001E1D1E /* RMEpisodeListViewViewModel.swift in Sources */,
				869268F42A2B479F0001C1B5 /* RMRequest.swift in Sources */,
				8694A8132A51C92600538F16 /* RMEpisodeDetailView.swift in Sources */,
				865E15152A4FB29400F8C4E9 /* RMEpisodeDetailViewController.swift in Sources */,
				86C60D762A316273005A1B9E /* RMCharacterDetailViewViewModel.swift in Sources */,
				86557A8C2A420C5B00F87B03 /* RMCharacterPhotoCollectionViewCell.swift in Sources */,
				867084902A2C7939006BD31A /* RMLocation.swift in Sources */,
				863293D72A5AD3220084C80A /* RMDateFormatter.swift in Sources */,
				865F5D302A587E000076D712 /* Models.swift in Sources */,
				8618819B2A30036C00696692 /* Extensions.swift in Sources */,
				86F78F572A2F918F002F434C /* RMCharacterListViewViewModel.swift in Sources */,
				869268E12A2B2EA80001C1B5 /* RMLocationViewController.swift in Sources */,
				8618819D2A300D9900696692 /* RMCharacterCollectionViewCell.swift in Sources */,
			);
			runOnlyForDeploymentPostprocessing = 0;
		};
/* End PBXSourcesBuildPhase section */

/* Begin PBXVariantGroup section */
		869268CD2A2B24440001C1B5 /* LaunchScreen.storyboard */ = {
			isa = PBXVariantGroup;
			children = (
				869268CE2A2B24440001C1B5 /* Base */,
			);
			name = LaunchScreen.storyboard;
			sourceTree = "<group>";
		};
/* End PBXVariantGroup section */

/* Begin XCBuildConfiguration section */
		869268D12A2B24440001C1B5 /* Debug */ = {
			isa = XCBuildConfiguration;
			buildSettings = {
				ALWAYS_SEARCH_USER_PATHS = NO;
				CLANG_ANALYZER_NONNULL = YES;
				CLANG_ANALYZER_NUMBER_OBJECT_CONVERSION = YES_AGGRESSIVE;
				CLANG_CXX_LANGUAGE_STANDARD = "gnu++20";
				CLANG_ENABLE_MODULES = YES;
				CLANG_ENABLE_OBJC_ARC = YES;
				CLANG_ENABLE_OBJC_WEAK = YES;
				CLANG_WARN_BLOCK_CAPTURE_AUTORELEASING = YES;
				CLANG_WARN_BOOL_CONVERSION = YES;
				CLANG_WARN_COMMA = YES;
				CLANG_WARN_CONSTANT_CONVERSION = YES;
				CLANG_WARN_DEPRECATED_OBJC_IMPLEMENTATIONS = YES;
				CLANG_WARN_DIRECT_OBJC_ISA_USAGE = YES_ERROR;
				CLANG_WARN_DOCUMENTATION_COMMENTS = YES;
				CLANG_WARN_EMPTY_BODY = YES;
				CLANG_WARN_ENUM_CONVERSION = YES;
				CLANG_WARN_INFINITE_RECURSION = YES;
				CLANG_WARN_INT_CONVERSION = YES;
				CLANG_WARN_NON_LITERAL_NULL_CONVERSION = YES;
				CLANG_WARN_OBJC_IMPLICIT_RETAIN_SELF = YES;
				CLANG_WARN_OBJC_LITERAL_CONVERSION = YES;
				CLANG_WARN_OBJC_ROOT_CLASS = YES_ERROR;
				CLANG_WARN_QUOTED_INCLUDE_IN_FRAMEWORK_HEADER = YES;
				CLANG_WARN_RANGE_LOOP_ANALYSIS = YES;
				CLANG_WARN_STRICT_PROTOTYPES = YES;
				CLANG_WARN_SUSPICIOUS_MOVE = YES;
				CLANG_WARN_UNGUARDED_AVAILABILITY = YES_AGGRESSIVE;
				CLANG_WARN_UNREACHABLE_CODE = YES;
				CLANG_WARN__DUPLICATE_METHOD_MATCH = YES;
				COPY_PHASE_STRIP = NO;
				DEBUG_INFORMATION_FORMAT = dwarf;
				ENABLE_STRICT_OBJC_MSGSEND = YES;
				ENABLE_TESTABILITY = YES;
				GCC_C_LANGUAGE_STANDARD = gnu11;
				GCC_DYNAMIC_NO_PIC = NO;
				GCC_NO_COMMON_BLOCKS = YES;
				GCC_OPTIMIZATION_LEVEL = 0;
				GCC_PREPROCESSOR_DEFINITIONS = (
					"DEBUG=1",
					"$(inherited)",
				);
				GCC_WARN_64_TO_32_BIT_CONVERSION = YES;
				GCC_WARN_ABOUT_RETURN_TYPE = YES_ERROR;
				GCC_WARN_UNDECLARED_SELECTOR = YES;
				GCC_WARN_UNINITIALIZED_AUTOS = YES_AGGRESSIVE;
				GCC_WARN_UNUSED_FUNCTION = YES;
				GCC_WARN_UNUSED_VARIABLE = YES;
				IPHONEOS_DEPLOYMENT_TARGET = 16.2;
				MTL_ENABLE_DEBUG_INFO = INCLUDE_SOURCE;
				MTL_FAST_MATH = YES;
				ONLY_ACTIVE_ARCH = YES;
				SDKROOT = iphoneos;
				SWIFT_ACTIVE_COMPILATION_CONDITIONS = DEBUG;
				SWIFT_OPTIMIZATION_LEVEL = "-Onone";
			};
			name = Debug;
		};
		869268D22A2B24440001C1B5 /* Release */ = {
			isa = XCBuildConfiguration;
			buildSettings = {
				ALWAYS_SEARCH_USER_PATHS = NO;
				CLANG_ANALYZER_NONNULL = YES;
				CLANG_ANALYZER_NUMBER_OBJECT_CONVERSION = YES_AGGRESSIVE;
				CLANG_CXX_LANGUAGE_STANDARD = "gnu++20";
				CLANG_ENABLE_MODULES = YES;
				CLANG_ENABLE_OBJC_ARC = YES;
				CLANG_ENABLE_OBJC_WEAK = YES;
				CLANG_WARN_BLOCK_CAPTURE_AUTORELEASING = YES;
				CLANG_WARN_BOOL_CONVERSION = YES;
				CLANG_WARN_COMMA = YES;
				CLANG_WARN_CONSTANT_CONVERSION = YES;
				CLANG_WARN_DEPRECATED_OBJC_IMPLEMENTATIONS = YES;
				CLANG_WARN_DIRECT_OBJC_ISA_USAGE = YES_ERROR;
				CLANG_WARN_DOCUMENTATION_COMMENTS = YES;
				CLANG_WARN_EMPTY_BODY = YES;
				CLANG_WARN_ENUM_CONVERSION = YES;
				CLANG_WARN_INFINITE_RECURSION = YES;
				CLANG_WARN_INT_CONVERSION = YES;
				CLANG_WARN_NON_LITERAL_NULL_CONVERSION = YES;
				CLANG_WARN_OBJC_IMPLICIT_RETAIN_SELF = YES;
				CLANG_WARN_OBJC_LITERAL_CONVERSION = YES;
				CLANG_WARN_OBJC_ROOT_CLASS = YES_ERROR;
				CLANG_WARN_QUOTED_INCLUDE_IN_FRAMEWORK_HEADER = YES;
				CLANG_WARN_RANGE_LOOP_ANALYSIS = YES;
				CLANG_WARN_STRICT_PROTOTYPES = YES;
				CLANG_WARN_SUSPICIOUS_MOVE = YES;
				CLANG_WARN_UNGUARDED_AVAILABILITY = YES_AGGRESSIVE;
				CLANG_WARN_UNREACHABLE_CODE = YES;
				CLANG_WARN__DUPLICATE_METHOD_MATCH = YES;
				COPY_PHASE_STRIP = NO;
				DEBUG_INFORMATION_FORMAT = "dwarf-with-dsym";
				ENABLE_NS_ASSERTIONS = NO;
				ENABLE_STRICT_OBJC_MSGSEND = YES;
				GCC_C_LANGUAGE_STANDARD = gnu11;
				GCC_NO_COMMON_BLOCKS = YES;
				GCC_WARN_64_TO_32_BIT_CONVERSION = YES;
				GCC_WARN_ABOUT_RETURN_TYPE = YES_ERROR;
				GCC_WARN_UNDECLARED_SELECTOR = YES;
				GCC_WARN_UNINITIALIZED_AUTOS = YES_AGGRESSIVE;
				GCC_WARN_UNUSED_FUNCTION = YES;
				GCC_WARN_UNUSED_VARIABLE = YES;
				IPHONEOS_DEPLOYMENT_TARGET = 16.2;
				MTL_ENABLE_DEBUG_INFO = NO;
				MTL_FAST_MATH = YES;
				SDKROOT = iphoneos;
				SWIFT_COMPILATION_MODE = wholemodule;
				SWIFT_OPTIMIZATION_LEVEL = "-O";
				VALIDATE_PRODUCT = YES;
			};
			name = Release;
		};
		869268D42A2B24440001C1B5 /* Debug */ = {
			isa = XCBuildConfiguration;
			buildSettings = {
				ASSETCATALOG_COMPILER_APPICON_NAME = AppIcon;
				ASSETCATALOG_COMPILER_GLOBAL_ACCENT_COLOR_NAME = AccentColor;
				CODE_SIGN_STYLE = Automatic;
				CURRENT_PROJECT_VERSION = 1;
				DEVELOPMENT_TEAM = 98GGD2LM74;
				GENERATE_INFOPLIST_FILE = YES;
				INFOPLIST_FILE = RickAndMorty/Info.plist;
				INFOPLIST_KEY_UIApplicationSupportsIndirectInputEvents = YES;
				INFOPLIST_KEY_UILaunchStoryboardName = LaunchScreen;
				INFOPLIST_KEY_UISupportedInterfaceOrientations_iPad = "UIInterfaceOrientationPortrait UIInterfaceOrientationPortraitUpsideDown UIInterfaceOrientationLandscapeLeft UIInterfaceOrientationLandscapeRight";
				INFOPLIST_KEY_UISupportedInterfaceOrientations_iPhone = "UIInterfaceOrientationPortrait UIInterfaceOrientationLandscapeLeft UIInterfaceOrientationLandscapeRight";
				LD_RUNPATH_SEARCH_PATHS = (
					"$(inherited)",
					"@executable_path/Frameworks",
				);
				MARKETING_VERSION = 1.0;
				PRODUCT_BUNDLE_IDENTIFIER = com.avii.RickAndMorty;
				PRODUCT_NAME = "$(TARGET_NAME)";
				SUPPORTED_PLATFORMS = "iphoneos iphonesimulator";
				SUPPORTS_MACCATALYST = NO;
				SUPPORTS_MAC_DESIGNED_FOR_IPHONE_IPAD = NO;
				SWIFT_EMIT_LOC_STRINGS = YES;
				SWIFT_VERSION = 5.0;
				TARGETED_DEVICE_FAMILY = "1,2";
			};
			name = Debug;
		};
		869268D52A2B24440001C1B5 /* Release */ = {
			isa = XCBuildConfiguration;
			buildSettings = {
				ASSETCATALOG_COMPILER_APPICON_NAME = AppIcon;
				ASSETCATALOG_COMPILER_GLOBAL_ACCENT_COLOR_NAME = AccentColor;
				CODE_SIGN_STYLE = Automatic;
				CURRENT_PROJECT_VERSION = 1;
				DEVELOPMENT_TEAM = 98GGD2LM74;
				GENERATE_INFOPLIST_FILE = YES;
				INFOPLIST_FILE = RickAndMorty/Info.plist;
				INFOPLIST_KEY_UIApplicationSupportsIndirectInputEvents = YES;
				INFOPLIST_KEY_UILaunchStoryboardName = LaunchScreen;
				INFOPLIST_KEY_UISupportedInterfaceOrientations_iPad = "UIInterfaceOrientationPortrait UIInterfaceOrientationPortraitUpsideDown UIInterfaceOrientationLandscapeLeft UIInterfaceOrientationLandscapeRight";
				INFOPLIST_KEY_UISupportedInterfaceOrientations_iPhone = "UIInterfaceOrientationPortrait UIInterfaceOrientationLandscapeLeft UIInterfaceOrientationLandscapeRight";
				LD_RUNPATH_SEARCH_PATHS = (
					"$(inherited)",
					"@executable_path/Frameworks",
				);
				MARKETING_VERSION = 1.0;
				PRODUCT_BUNDLE_IDENTIFIER = com.avii.RickAndMorty;
				PRODUCT_NAME = "$(TARGET_NAME)";
				SUPPORTED_PLATFORMS = "iphoneos iphonesimulator";
				SUPPORTS_MACCATALYST = NO;
				SUPPORTS_MAC_DESIGNED_FOR_IPHONE_IPAD = NO;
				SWIFT_EMIT_LOC_STRINGS = YES;
				SWIFT_VERSION = 5.0;
				TARGETED_DEVICE_FAMILY = "1,2";
			};
			name = Release;
		};
/* End XCBuildConfiguration section */

/* Begin XCConfigurationList section */
		869268BA2A2B24430001C1B5 /* Build configuration list for PBXProject "RickAndMorty" */ = {
			isa = XCConfigurationList;
			buildConfigurations = (
				869268D12A2B24440001C1B5 /* Debug */,
				869268D22A2B24440001C1B5 /* Release */,
			);
			defaultConfigurationIsVisible = 0;
			defaultConfigurationName = Release;
		};
		869268D32A2B24440001C1B5 /* Build configuration list for PBXNativeTarget "RickAndMorty" */ = {
			isa = XCConfigurationList;
			buildConfigurations = (
				869268D42A2B24440001C1B5 /* Debug */,
				869268D52A2B24440001C1B5 /* Release */,
			);
			defaultConfigurationIsVisible = 0;
			defaultConfigurationName = Release;
		};
/* End XCConfigurationList section */
	};
	rootObject = 869268B72A2B24430001C1B5 /* Project object */;
}
